{
  "name": "assets",
  "lockfileVersion": 2,
  "requires": true,
  "packages": {
    "": {
      "dependencies": {
        "plausible-tracker": "^0.3.8"
      }
    },
    "node_modules/plausible-tracker": {
      "version": "0.3.8",
      "resolved": "https://registry.npmjs.org/plausible-tracker/-/plausible-tracker-0.3.8.tgz",
      "integrity": "sha512-lmOWYQ7s9KOUJ1R+YTOR3HrjdbxIS2Z4de0P/Jx2dQPteznJl2eX3tXxKClpvbfyGP59B5bbhW8ftN59HbbFSg==",
      "engines": {
        "node": ">=10"
      }
    }
  },
  "dependencies": {
    "plausible-tracker": {
      "version": "0.3.8",
      "resolved": "https://registry.npmjs.org/plausible-tracker/-/plausible-tracker-0.3.8.tgz",
      "integrity": "sha512-lmOWYQ7s9KOUJ1R+YTOR3HrjdbxIS2Z4de0P/Jx2dQPteznJl2eX3tXxKClpvbfyGP59B5bbhW8ftN59HbbFSg=="
    }
  }
}
